// !$*UTF8*$!
{
	archiveVersion = 1;
	classes = {
	};
	objectVersion = 46;
	objects = {

/* Begin PBXBuildFile section */
		694A92EE1E01B8AF0076707B /* AwayTap.swift in Sources */ = {isa = PBXBuildFile; fileRef = 694A92ED1E01B8AF0076707B /* AwayTap.swift */; };
		694A92F01E0303A20076707B /* homeTap.swift in Sources */ = {isa = PBXBuildFile; fileRef = 694A92EF1E0303A20076707B /* homeTap.swift */; };
		694A92F81E0458C80076707B /* TapSubtract.swift in Sources */ = {isa = PBXBuildFile; fileRef = 694A92F71E0458C80076707B /* TapSubtract.swift */; };
		69600E9F1DFF24B300007594 /* RegularGameViewController.swift in Sources */ = {isa = PBXBuildFile; fileRef = 69600E9E1DFF24B300007594 /* RegularGameViewController.swift */; };
		69BABD1B1DF5DB5400A0EEA8 /* AppDelegate.swift in Sources */ = {isa = PBXBuildFile; fileRef = 69BABD1A1DF5DB5400A0EEA8 /* AppDelegate.swift */; };
		69BABD1D1DF5DB5400A0EEA8 /* ViewController.swift in Sources */ = {isa = PBXBuildFile; fileRef = 69BABD1C1DF5DB5400A0EEA8 /* ViewController.swift */; };
		69BABD201DF5DB5400A0EEA8 /* Main.storyboard in Resources */ = {isa = PBXBuildFile; fileRef = 69BABD1E1DF5DB5400A0EEA8 /* Main.storyboard */; };
		69BABD221DF5DB5400A0EEA8 /* Assets.xcassets in Resources */ = {isa = PBXBuildFile; fileRef = 69BABD211DF5DB5400A0EEA8 /* Assets.xcassets */; };
		69BABD251DF5DB5400A0EEA8 /* LaunchScreen.storyboard in Resources */ = {isa = PBXBuildFile; fileRef = 69BABD231DF5DB5400A0EEA8 /* LaunchScreen.storyboard */; };
		69BABD301DF5DB5400A0EEA8 /* Semester_1_FinalTests.swift in Sources */ = {isa = PBXBuildFile; fileRef = 69BABD2F1DF5DB5400A0EEA8 /* Semester_1_FinalTests.swift */; };
		69BABD3B1DF5DB5400A0EEA8 /* Semester_1_FinalUITests.swift in Sources */ = {isa = PBXBuildFile; fileRef = 69BABD3A1DF5DB5400A0EEA8 /* Semester_1_FinalUITests.swift */; };
/* End PBXBuildFile section */

/* Begin PBXContainerItemProxy section */
		69BABD2C1DF5DB5400A0EEA8 /* PBXContainerItemProxy */ = {
			isa = PBXContainerItemProxy;
			containerPortal = 69BABD0F1DF5DB5400A0EEA8 /* Project object */;
			proxyType = 1;
			remoteGlobalIDString = 69BABD161DF5DB5400A0EEA8;
			remoteInfo = "Semester 1 Final";
		};
		69BABD371DF5DB5400A0EEA8 /* PBXContainerItemProxy */ = {
			isa = PBXContainerItemProxy;
			containerPortal = 69BABD0F1DF5DB5400A0EEA8 /* Project object */;
			proxyType = 1;
			remoteGlobalIDString = 69BABD161DF5DB5400A0EEA8;
			remoteInfo = "Semester 1 Final";
		};
/* End PBXContainerItemProxy section */

/* Begin PBXFileReference section */
		694A92ED1E01B8AF0076707B /* AwayTap.swift */ = {isa = PBXFileReference; fileEncoding = 4; lastKnownFileType = sourcecode.swift; path = AwayTap.swift; sourceTree = "<group>"; };
		694A92EF1E0303A20076707B /* homeTap.swift */ = {isa = PBXFileReference; fileEncoding = 4; lastKnownFileType = sourcecode.swift; path = homeTap.swift; sourceTree = "<group>"; };
		694A92F71E0458C80076707B /* TapSubtract.swift */ = {isa = PBXFileReference; fileEncoding = 4; lastKnownFileType = sourcecode.swift; path = TapSubtract.swift; sourceTree = "<group>"; };
		69600E9E1DFF24B300007594 /* RegularGameViewController.swift */ = {isa = PBXFileReference; fileEncoding = 4; lastKnownFileType = sourcecode.swift; path = RegularGameViewController.swift; sourceTree = "<group>"; };
		69BABD171DF5DB5400A0EEA8 /* Semester 1 Final.app */ = {isa = PBXFileReference; explicitFileType = wrapper.application; includeInIndex = 0; path = "Semester 1 Final.app"; sourceTree = BUILT_PRODUCTS_DIR; };
		69BABD1A1DF5DB5400A0EEA8 /* AppDelegate.swift */ = {isa = PBXFileReference; lastKnownFileType = sourcecode.swift; path = AppDelegate.swift; sourceTree = "<group>"; };
		69BABD1C1DF5DB5400A0EEA8 /* ViewController.swift */ = {isa = PBXFileReference; lastKnownFileType = sourcecode.swift; path = ViewController.swift; sourceTree = "<group>"; };
		69BABD1F1DF5DB5400A0EEA8 /* Base */ = {isa = PBXFileReference; lastKnownFileType = file.storyboard; name = Base; path = Base.lproj/Main.storyboard; sourceTree = "<group>"; };
		69BABD211DF5DB5400A0EEA8 /* Assets.xcassets */ = {isa = PBXFileReference; lastKnownFileType = folder.assetcatalog; path = Assets.xcassets; sourceTree = "<group>"; };
		69BABD241DF5DB5400A0EEA8 /* Base */ = {isa = PBXFileReference; lastKnownFileType = file.storyboard; name = Base; path = Base.lproj/LaunchScreen.storyboard; sourceTree = "<group>"; };
		69BABD261DF5DB5400A0EEA8 /* Info.plist */ = {isa = PBXFileReference; lastKnownFileType = text.plist.xml; path = Info.plist; sourceTree = "<group>"; };
		69BABD2B1DF5DB5400A0EEA8 /* Semester 1 FinalTests.xctest */ = {isa = PBXFileReference; explicitFileType = wrapper.cfbundle; includeInIndex = 0; path = "Semester 1 FinalTests.xctest"; sourceTree = BUILT_PRODUCTS_DIR; };
		69BABD2F1DF5DB5400A0EEA8 /* Semester_1_FinalTests.swift */ = {isa = PBXFileReference; lastKnownFileType = sourcecode.swift; path = Semester_1_FinalTests.swift; sourceTree = "<group>"; };
		69BABD311DF5DB5400A0EEA8 /* Info.plist */ = {isa = PBXFileReference; lastKnownFileType = text.plist.xml; path = Info.plist; sourceTree = "<group>"; };
		69BABD361DF5DB5400A0EEA8 /* Semester 1 FinalUITests.xctest */ = {isa = PBXFileReference; explicitFileType = wrapper.cfbundle; includeInIndex = 0; path = "Semester 1 FinalUITests.xctest"; sourceTree = BUILT_PRODUCTS_DIR; };
		69BABD3A1DF5DB5400A0EEA8 /* Semester_1_FinalUITests.swift */ = {isa = PBXFileReference; lastKnownFileType = sourcecode.swift; path = Semester_1_FinalUITests.swift; sourceTree = "<group>"; };
		69BABD3C1DF5DB5400A0EEA8 /* Info.plist */ = {isa = PBXFileReference; lastKnownFileType = text.plist.xml; path = Info.plist; sourceTree = "<group>"; };
/* End PBXFileReference section */

/* Begin PBXFrameworksBuildPhase section */
		69BABD141DF5DB5400A0EEA8 /* Frameworks */ = {
			isa = PBXFrameworksBuildPhase;
			buildActionMask = 2147483647;
			files = (
			);
			runOnlyForDeploymentPostprocessing = 0;
		};
		69BABD281DF5DB5400A0EEA8 /* Frameworks */ = {
			isa = PBXFrameworksBuildPhase;
			buildActionMask = 2147483647;
			files = (
			);
			runOnlyForDeploymentPostprocessing = 0;
		};
		69BABD331DF5DB5400A0EEA8 /* Frameworks */ = {
			isa = PBXFrameworksBuildPhase;
			buildActionMask = 2147483647;
			files = (
			);
			runOnlyForDeploymentPostprocessing = 0;
		};
/* End PBXFrameworksBuildPhase section */

/* Begin PBXGroup section */
		69BABD0E1DF5DB5300A0EEA8 = {
			isa = PBXGroup;
			children = (
				69BABD191DF5DB5400A0EEA8 /* Semester 1 Final */,
				69BABD2E1DF5DB5400A0EEA8 /* Semester 1 FinalTests */,
				69BABD391DF5DB5400A0EEA8 /* Semester 1 FinalUITests */,
				69BABD181DF5DB5400A0EEA8 /* Products */,
			);
			sourceTree = "<group>";
		};
		69BABD181DF5DB5400A0EEA8 /* Products */ = {
			isa = PBXGroup;
			children = (
				69BABD171DF5DB5400A0EEA8 /* Semester 1 Final.app */,
				69BABD2B1DF5DB5400A0EEA8 /* Semester 1 FinalTests.xctest */,
				69BABD361DF5DB5400A0EEA8 /* Semester 1 FinalUITests.xctest */,
			);
			name = Products;
			sourceTree = "<group>";
		};
		69BABD191DF5DB5400A0EEA8 /* Semester 1 Final */ = {
			isa = PBXGroup;
			children = (
				69BABD1A1DF5DB5400A0EEA8 /* AppDelegate.swift */,
				69BABD1C1DF5DB5400A0EEA8 /* ViewController.swift */,
				69BABD1E1DF5DB5400A0EEA8 /* Main.storyboard */,
				694A92F71E0458C80076707B /* TapSubtract.swift */,
				69600E9E1DFF24B300007594 /* RegularGameViewController.swift */,
				694A92EF1E0303A20076707B /* homeTap.swift */,
				694A92ED1E01B8AF0076707B /* AwayTap.swift */,
				69BABD211DF5DB5400A0EEA8 /* Assets.xcassets */,
				69BABD231DF5DB5400A0EEA8 /* LaunchScreen.storyboard */,
				69BABD261DF5DB5400A0EEA8 /* Info.plist */,
			);
			path = "Semester 1 Final";
			sourceTree = "<group>";
		};
		69BABD2E1DF5DB5400A0EEA8 /* Semester 1 FinalTests */ = {
			isa = PBXGroup;
			children = (
				69BABD2F1DF5DB5400A0EEA8 /* Semester_1_FinalTests.swift */,
				69BABD311DF5DB5400A0EEA8 /* Info.plist */,
			);
			path = "Semester 1 FinalTests";
			sourceTree = "<group>";
		};
		69BABD391DF5DB5400A0EEA8 /* Semester 1 FinalUITests */ = {
			isa = PBXGroup;
			children = (
				69BABD3A1DF5DB5400A0EEA8 /* Semester_1_FinalUITests.swift */,
				69BABD3C1DF5DB5400A0EEA8 /* Info.plist */,
			);
			path = "Semester 1 FinalUITests";
			sourceTree = "<group>";
		};
/* End PBXGroup section */

/* Begin PBXNativeTarget section */
		69BABD161DF5DB5400A0EEA8 /* Semester 1 Final */ = {
			isa = PBXNativeTarget;
			buildConfigurationList = 69BABD3F1DF5DB5400A0EEA8 /* Build configuration list for PBXNativeTarget "Semester 1 Final" */;
			buildPhases = (
				69BABD131DF5DB5400A0EEA8 /* Sources */,
				69BABD141DF5DB5400A0EEA8 /* Frameworks */,
				69BABD151DF5DB5400A0EEA8 /* Resources */,
			);
			buildRules = (
			);
			dependencies = (
			);
			name = "Semester 1 Final";
			productName = "Semester 1 Final";
			productReference = 69BABD171DF5DB5400A0EEA8 /* Semester 1 Final.app */;
			productType = "com.apple.product-type.application";
		};
		69BABD2A1DF5DB5400A0EEA8 /* Semester 1 FinalTests */ = {
			isa = PBXNativeTarget;
			buildConfigurationList = 69BABD421DF5DB5400A0EEA8 /* Build configuration list for PBXNativeTarget "Semester 1 FinalTests" */;
			buildPhases = (
				69BABD271DF5DB5400A0EEA8 /* Sources */,
				69BABD281DF5DB5400A0EEA8 /* Frameworks */,
				69BABD291DF5DB5400A0EEA8 /* Resources */,
			);
			buildRules = (
			);
			dependencies = (
				69BABD2D1DF5DB5400A0EEA8 /* PBXTargetDependency */,
			);
			name = "Semester 1 FinalTests";
			productName = "Semester 1 FinalTests";
			productReference = 69BABD2B1DF5DB5400A0EEA8 /* Semester 1 FinalTests.xctest */;
			productType = "com.apple.product-type.bundle.unit-test";
		};
		69BABD351DF5DB5400A0EEA8 /* Semester 1 FinalUITests */ = {
			isa = PBXNativeTarget;
			buildConfigurationList = 69BABD451DF5DB5400A0EEA8 /* Build configuration list for PBXNativeTarget "Semester 1 FinalUITests" */;
			buildPhases = (
				69BABD321DF5DB5400A0EEA8 /* Sources */,
				69BABD331DF5DB5400A0EEA8 /* Frameworks */,
				69BABD341DF5DB5400A0EEA8 /* Resources */,
			);
			buildRules = (
			);
			dependencies = (
				69BABD381DF5DB5400A0EEA8 /* PBXTargetDependency */,
			);
			name = "Semester 1 FinalUITests";
			productName = "Semester 1 FinalUITests";
			productReference = 69BABD361DF5DB5400A0EEA8 /* Semester 1 FinalUITests.xctest */;
			productType = "com.apple.product-type.bundle.ui-testing";
		};
/* End PBXNativeTarget section */

/* Begin PBXProject section */
		69BABD0F1DF5DB5400A0EEA8 /* Project object */ = {
			isa = PBXProject;
			attributes = {
				LastSwiftUpdateCheck = 0810;
				LastUpgradeCheck = 0810;
				ORGANIZATIONNAME = "Sam Burrell";
				TargetAttributes = {
					69BABD161DF5DB5400A0EEA8 = {
						CreatedOnToolsVersion = 8.1;
						DevelopmentTeam = LCX585E792;
						ProvisioningStyle = Automatic;
					};
					69BABD2A1DF5DB5400A0EEA8 = {
						CreatedOnToolsVersion = 8.1;
						DevelopmentTeam = LCX585E792;
						ProvisioningStyle = Automatic;
						TestTargetID = 69BABD161DF5DB5400A0EEA8;
					};
					69BABD351DF5DB5400A0EEA8 = {
						CreatedOnToolsVersion = 8.1;
						DevelopmentTeam = LCX585E792;
						ProvisioningStyle = Automatic;
						TestTargetID = 69BABD161DF5DB5400A0EEA8;
					};
				};
			};
			buildConfigurationList = 69BABD121DF5DB5400A0EEA8 /* Build configuration list for PBXProject "Semester 1 Final" */;
			compatibilityVersion = "Xcode 3.2";
			developmentRegion = English;
			hasScannedForEncodings = 0;
			knownRegions = (
				en,
				Base,
			);
			mainGroup = 69BABD0E1DF5DB5300A0EEA8;
			productRefGroup = 69BABD181DF5DB5400A0EEA8 /* Products */;
			projectDirPath = "";
			projectRoot = "";
			targets = (
				69BABD161DF5DB5400A0EEA8 /* Semester 1 Final */,
				69BABD2A1DF5DB5400A0EEA8 /* Semester 1 FinalTests */,
				69BABD351DF5DB5400A0EEA8 /* Semester 1 FinalUITests */,
			);
		};
/* End PBXProject section */

/* Begin PBXResourcesBuildPhase section */
		69BABD151DF5DB5400A0EEA8 /* Resources */ = {
			isa = PBXResourcesBuildPhase;
			buildActionMask = 2147483647;
			files = (
				69BABD251DF5DB5400A0EEA8 /* LaunchScreen.storyboard in Resources */,
				69BABD221DF5DB5400A0EEA8 /* Assets.xcassets in Resources */,
				69BABD201DF5DB5400A0EEA8 /* Main.storyboard in Resources */,
			);
			runOnlyForDeploymentPostprocessing = 0;
		};
		69BABD291DF5DB5400A0EEA8 /* Resources */ = {
			isa = PBXResourcesBuildPhase;
			buildActionMask = 2147483647;
			files = (
			);
			runOnlyForDeploymentPostprocessing = 0;
		};
		69BABD341DF5DB5400A0EEA8 /* Resources */ = {
			isa = PBXResourcesBuildPhase;
			buildActionMask = 2147483647;
			files = (
			);
			runOnlyForDeploymentPostprocessing = 0;
		};
/* End PBXResourcesBuildPhase section */

/* Begin PBXSourcesBuildPhase section */
		69BABD131DF5DB5400A0EEA8 /* Sources */ = {
			isa = PBXSourcesBuildPhase;
			buildActionMask = 2147483647;
			files = (
				69BABD1D1DF5DB5400A0EEA8 /* ViewController.swift in Sources */,
				69BABD1B1DF5DB5400A0EEA8 /* AppDelegate.swift in Sources */,
				69600E9F1DFF24B300007594 /* RegularGameViewController.swift in Sources */,
				694A92F01E0303A20076707B /* homeTap.swift in Sources */,
				694A92F81E0458C80076707B /* TapSubtract.swift in Sources */,
				694A92EE1E01B8AF0076707B /* AwayTap.swift in Sources */,
			);
			runOnlyForDeploymentPostprocessing = 0;
		};
		69BABD271DF5DB5400A0EEA8 /* Sources */ = {
			isa = PBXSourcesBuildPhase;
			buildActionMask = 2147483647;
			files = (
				69BABD301DF5DB5400A0EEA8 /* Semester_1_FinalTests.swift in Sources */,
			);
			runOnlyForDeploymentPostprocessing = 0;
		};
		69BABD321DF5DB5400A0EEA8 /* Sources */ = {
			isa = PBXSourcesBuildPhase;
			buildActionMask = 2147483647;
			files = (
				69BABD3B1DF5DB5400A0EEA8 /* Semester_1_FinalUITests.swift in Sources */,
			);
			runOnlyForDeploymentPostprocessing = 0;
		};
/* End PBXSourcesBuildPhase section */

/* Begin PBXTargetDependency section */
		69BABD2D1DF5DB5400A0EEA8 /* PBXTargetDependency */ = {
			isa = PBXTargetDependency;
			target = 69BABD161DF5DB5400A0EEA8 /* Semester 1 Final */;
			targetProxy = 69BABD2C1DF5DB5400A0EEA8 /* PBXContainerItemProxy */;
		};
		69BABD381DF5DB5400A0EEA8 /* PBXTargetDependency */ = {
			isa = PBXTargetDependency;
			target = 69BABD161DF5DB5400A0EEA8 /* Semester 1 Final */;
			targetProxy = 69BABD371DF5DB5400A0EEA8 /* PBXContainerItemProxy */;
		};
/* End PBXTargetDependency section */

/* Begin PBXVariantGroup section */
		69BABD1E1DF5DB5400A0EEA8 /* Main.storyboard */ = {
			isa = PBXVariantGroup;
			children = (
				69BABD1F1DF5DB5400A0EEA8 /* Base */,
			);
			name = Main.storyboard;
			sourceTree = "<group>";
		};
		69BABD231DF5DB5400A0EEA8 /* LaunchScreen.storyboard */ = {
			isa = PBXVariantGroup;
			children = (
				69BABD241DF5DB5400A0EEA8 /* Base */,
			);
			name = LaunchScreen.storyboard;
			sourceTree = "<group>";
		};
/* End PBXVariantGroup section */

/* Begin XCBuildConfiguration section */
		69BABD3D1DF5DB5400A0EEA8 /* Debug */ = {
			isa = XCBuildConfiguration;
			buildSettings = {
				ALWAYS_SEARCH_USER_PATHS = NO;
				CLANG_ANALYZER_NONNULL = YES;
				CLANG_CXX_LANGUAGE_STANDARD = "gnu++0x";
				CLANG_CXX_LIBRARY = "libc++";
				CLANG_ENABLE_MODULES = YES;
				CLANG_ENABLE_OBJC_ARC = YES;
				CLANG_WARN_BOOL_CONVERSION = YES;
				CLANG_WARN_CONSTANT_CONVERSION = YES;
				CLANG_WARN_DIRECT_OBJC_ISA_USAGE = YES_ERROR;
				CLANG_WARN_DOCUMENTATION_COMMENTS = YES;
				CLANG_WARN_EMPTY_BODY = YES;
				CLANG_WARN_ENUM_CONVERSION = YES;
				CLANG_WARN_INFINITE_RECURSION = YES;
				CLANG_WARN_INT_CONVERSION = YES;
				CLANG_WARN_OBJC_ROOT_CLASS = YES_ERROR;
				CLANG_WARN_SUSPICIOUS_MOVES = YES;
				CLANG_WARN_UNREACHABLE_CODE = YES;
				CLANG_WARN__DUPLICATE_METHOD_MATCH = YES;
				"CODE_SIGN_IDENTITY[sdk=iphoneos*]" = "iPhone Developer";
				COPY_PHASE_STRIP = NO;
				DEBUG_INFORMATION_FORMAT = dwarf;
				ENABLE_STRICT_OBJC_MSGSEND = YES;
				ENABLE_TESTABILITY = YES;
				GCC_C_LANGUAGE_STANDARD = gnu99;
				GCC_DYNAMIC_NO_PIC = NO;
				GCC_NO_COMMON_BLOCKS = YES;
				GCC_OPTIMIZATION_LEVEL = 0;
				GCC_PREPROCESSOR_DEFINITIONS = (
					"DEBUG=1",
					"$(inherited)",
				);
				GCC_WARN_64_TO_32_BIT_CONVERSION = YES;
				GCC_WARN_ABOUT_RETURN_TYPE = YES_ERROR;
				GCC_WARN_UNDECLARED_SELECTOR = YES;
				GCC_WARN_UNINITIALIZED_AUTOS = YES_AGGRESSIVE;
				GCC_WARN_UNUSED_FUNCTION = YES;
				GCC_WARN_UNUSED_VARIABLE = YES;
				IPHONEOS_DEPLOYMENT_TARGET = 10.1;
				MTL_ENABLE_DEBUG_INFO = YES;
				ONLY_ACTIVE_ARCH = YES;
				SDKROOT = iphoneos;
				SWIFT_ACTIVE_COMPILATION_CONDITIONS = DEBUG;
				SWIFT_OPTIMIZATION_LEVEL = "-Onone";
				TARGETED_DEVICE_FAMILY = "1,2";
			};
			name = Debug;
		};
		69BABD3E1DF5DB5400A0EEA8 /* Release */ = {
			isa = XCBuildConfiguration;
			buildSettings = {
				ALWAYS_SEARCH_USER_PATHS = NO;
				CLANG_ANALYZER_NONNULL = YES;
				CLANG_CXX_LANGUAGE_STANDARD = "gnu++0x";
				CLANG_CXX_LIBRARY = "libc++";
				CLANG_ENABLE_MODULES = YES;
				CLANG_ENABLE_OBJC_ARC = YES;
				CLANG_WARN_BOOL_CONVERSION = YES;
				CLANG_WARN_CONSTANT_CONVERSION = YES;
				CLANG_WARN_DIRECT_OBJC_ISA_USAGE = YES_ERROR;
				CLANG_WARN_DOCUMENTATION_COMMENTS = YES;
				CLANG_WARN_EMPTY_BODY = YES;
				CLANG_WARN_ENUM_CONVERSION = YES;
				CLANG_WARN_INFINITE_RECURSION = YES;
				CLANG_WARN_INT_CONVERSION = YES;
				CLANG_WARN_OBJC_ROOT_CLASS = YES_ERROR;
				CLANG_WARN_SUSPICIOUS_MOVES = YES;
				CLANG_WARN_UNREACHABLE_CODE = YES;
				CLANG_WARN__DUPLICATE_METHOD_MATCH = YES;
				"CODE_SIGN_IDENTITY[sdk=iphoneos*]" = "iPhone Developer";
				COPY_PHASE_STRIP = NO;
				DEBUG_INFORMATION_FORMAT = "dwarf-with-dsym";
				ENABLE_NS_ASSERTIONS = NO;
				ENABLE_STRICT_OBJC_MSGSEND = YES;
				GCC_C_LANGUAGE_STANDARD = gnu99;
				GCC_NO_COMMON_BLOCKS = YES;
				GCC_WARN_64_TO_32_BIT_CONVERSION = YES;
				GCC_WARN_ABOUT_RETURN_TYPE = YES_ERROR;
				GCC_WARN_UNDECLARED_SELECTOR = YES;
				GCC_WARN_UNINITIALIZED_AUTOS = YES_AGGRESSIVE;
				GCC_WARN_UNUSED_FUNCTION = YES;
				GCC_WARN_UNUSED_VARIABLE = YES;
				IPHONEOS_DEPLOYMENT_TARGET = 10.1;
				MTL_ENABLE_DEBUG_INFO = NO;
				SDKROOT = iphoneos;
				SWIFT_OPTIMIZATION_LEVEL = "-Owholemodule";
				TARGETED_DEVICE_FAMILY = "1,2";
				VALIDATE_PRODUCT = YES;
			};
			name = Release;
		};
		69BABD401DF5DB5400A0EEA8 /* Debug */ = {
			isa = XCBuildConfiguration;
			buildSettings = {
				ASSETCATALOG_COMPILER_APPICON_NAME = AppIcon;
				DEVELOPMENT_TEAM = LCX585E792;
				INFOPLIST_FILE = "Semester 1 Final/Info.plist";
				LD_RUNPATH_SEARCH_PATHS = "$(inherited) @executable_path/Frameworks";
				PRODUCT_BUNDLE_IDENTIFIER = "Sam-Burrell.Semester-1-Final";
				PRODUCT_NAME = "$(TARGET_NAME)";
				SWIFT_VERSION = 3.0;
			};
			name = Debug;
		};
		69BABD411DF5DB5400A0EEA8 /* Release */ = {
			isa = XCBuildConfiguration;
			buildSettings = {
				ASSETCATALOG_COMPILER_APPICON_NAME = AppIcon;
				DEVELOPMENT_TEAM = LCX585E792;
				INFOPLIST_FILE = "Semester 1 Final/Info.plist";
				LD_RUNPATH_SEARCH_PATHS = "$(inherited) @executable_path/Frameworks";
				PRODUCT_BUNDLE_IDENTIFIER = "Sam-Burrell.Semester-1-Final";
				PRODUCT_NAME = "$(TARGET_NAME)";
				SWIFT_VERSION = 3.0;
			};
			name = Release;
		};
		69BABD431DF5DB5400A0EEA8 /* Debug */ = {
			isa = XCBuildConfiguration;
			buildSettings = {
				ALWAYS_EMBED_SWIFT_STANDARD_LIBRARIES = YES;
				BUNDLE_LOADER = "$(TEST_HOST)";
				DEVELOPMENT_TEAM = LCX585E792;
				INFOPLIST_FILE = "Semester 1 FinalTests/Info.plist";
				LD_RUNPATH_SEARCH_PATHS = "$(inherited) @executable_path/Frameworks @loader_path/Frameworks";
				PRODUCT_BUNDLE_IDENTIFIER = "Sam-Burrell.Semester-1-FinalTests";
				PRODUCT_NAME = "$(TARGET_NAME)";
				SWIFT_VERSION = 3.0;
				TEST_HOST = "$(BUILT_PRODUCTS_DIR)/Semester 1 Final.app/Semester 1 Final";
			};
			name = Debug;
		};
		69BABD441DF5DB5400A0EEA8 /* Release */ = {
			isa = XCBuildConfiguration;
			buildSettings = {
				ALWAYS_EMBED_SWIFT_STANDARD_LIBRARIES = YES;
				BUNDLE_LOADER = "$(TEST_HOST)";
				DEVELOPMENT_TEAM = LCX585E792;
				INFOPLIST_FILE = "Semester 1 FinalTests/Info.plist";
				LD_RUNPATH_SEARCH_PATHS = "$(inherited) @executable_path/Frameworks @loader_path/Frameworks";
				PRODUCT_BUNDLE_IDENTIFIER = "Sam-Burrell.Semester-1-FinalTests";
				PRODUCT_NAME = "$(TARGET_NAME)";
				SWIFT_VERSION = 3.0;
				TEST_HOST = "$(BUILT_PRODUCTS_DIR)/Semester 1 Final.app/Semester 1 Final";
			};
			name = Release;
		};
		69BABD461DF5DB5400A0EEA8 /* Debug */ = {
			isa = XCBuildConfiguration;
			buildSettings = {
				ALWAYS_EMBED_SWIFT_STANDARD_LIBRARIES = YES;
				DEVELOPMENT_TEAM = LCX585E792;
				INFOPLIST_FILE = "Semester 1 FinalUITests/Info.plist";
				LD_RUNPATH_SEARCH_PATHS = "$(inherited) @executable_path/Frameworks @loader_path/Frameworks";
				PRODUCT_BUNDLE_IDENTIFIER = "Sam-Burrell.Semester-1-FinalUITests";
				PRODUCT_NAME = "$(TARGET_NAME)";
				SWIFT_VERSION = 3.0;
				TEST_TARGET_NAME = "Semester 1 Final";
			};
			name = Debug;
		};
		69BABD471DF5DB5400A0EEA8 /* Release */ = {
			isa = XCBuildConfiguration;
			buildSettings = {
				ALWAYS_EMBED_SWIFT_STANDARD_LIBRARIES = YES;
				DEVELOPMENT_TEAM = LCX585E792;
				INFOPLIST_FILE = "Semester 1 FinalUITests/Info.plist";
				LD_RUNPATH_SEARCH_PATHS = "$(inherited) @executable_path/Frameworks @loader_path/Frameworks";
				PRODUCT_BUNDLE_IDENTIFIER = "Sam-Burrell.Semester-1-FinalUITests";
				PRODUCT_NAME = "$(TARGET_NAME)";
				SWIFT_VERSION = 3.0;
				TEST_TARGET_NAME = "Semester 1 Final";
			};
			name = Release;
		};
/* End XCBuildConfiguration section */

/* Begin XCConfigurationList section */
		69BABD121DF5DB5400A0EEA8 /* Build configuration list for PBXProject "Semester 1 Final" */ = {
			isa = XCConfigurationList;
			buildConfigurations = (
				69BABD3D1DF5DB5400A0EEA8 /* Debug */,
				69BABD3E1DF5DB5400A0EEA8 /* Release */,
			);
			defaultConfigurationIsVisible = 0;
			defaultConfigurationName = Release;
		};
		69BABD3F1DF5DB5400A0EEA8 /* Build configuration list for PBXNativeTarget "Semester 1 Final" */ = {
			isa = XCConfigurationList;
			buildConfigurations = (
				69BABD401DF5DB5400A0EEA8 /* Debug */,
				69BABD411DF5DB5400A0EEA8 /* Release */,
			);
			defaultConfigurationIsVisible = 0;
			defaultConfigurationName = Release;
		};
		69BABD421DF5DB5400A0EEA8 /* Build configuration list for PBXNativeTarget "Semester 1 FinalTests" */ = {
			isa = XCConfigurationList;
			buildConfigurations = (
				69BABD431DF5DB5400A0EEA8 /* Debug */,
				69BABD441DF5DB5400A0EEA8 /* Release */,
			);
			defaultConfigurationIsVisible = 0;
			defaultConfigurationName = Release;
		};
		69BABD451DF5DB5400A0EEA8 /* Build configuration list for PBXNativeTarget "Semester 1 FinalUITests" */ = {
			isa = XCConfigurationList;
			buildConfigurations = (
				69BABD461DF5DB5400A0EEA8 /* Debug */,
				69BABD471DF5DB5400A0EEA8 /* Release */,
			);
			defaultConfigurationIsVisible = 0;
			defaultConfigurationName = Release;
		};
/* End XCConfigurationList section */
	};
	rootObject = 69BABD0F1DF5DB5400A0EEA8 /* Project object */;
}
